
Microsoft Visual Studio Solution File, Format Version 12.00
# Visual Studio Version 17
VisualStudioVersion = 17.14.36221.1 d17.14
MinimumVisualStudioVersion = 10.0.40219.1
Project("{FAE04EC0-301F-11D3-BF4B-00C04F79EFBC}") = "HelloWorld", "Namespace\HelloWorld.csproj", "{B192C5A8-669B-4374-886A-66F05C2C25B6}"
EndProject
Global
	GlobalSection(SolutionConfigurationPlatforms) = preSolution
		Debug|Any CPU = Debug|Any CPU
		Release|Any CPU = Release|Any CPU
	EndGlobalSection
	GlobalSection(ProjectConfigurationPlatforms) = postSolution
		{B192C5A8-669B-4374-886A-66F05C2C25B6}.Debug|Any CPU.ActiveCfg = Debug|Any CPU
		{B192C5A8-669B-4374-886A-66F05C2C25B6}.Debug|Any CPU.Build.0 = Debug|Any CPU
		{B192C5A8-669B-4374-886A-66F05C2C25B6}.Release|Any CPU.ActiveCfg = Release|Any CPU
		{B192C5A8-669B-4374-886A-66F05C2C25B6}.Release|Any CPU.Build.0 = Release|Any CPU
	EndGlobalSection
	GlobalSection(SolutionProperties) = preSolution
		HideSolutionNode = FALSE
	EndGlobalSection
	GlobalSection(ExtensibilityGlobals) = postSolution
		SolutionGuid = {99E754E4-ED08-4FCE-A4F1-0882C9FB0EA0}
	EndGlobalSection
EndGlobal
